
Microsoft Visual Studio Solution File, Format Version 12.00
# Visual Studio 15
Project("{FAE04EC0-301F-11D3-BF4B-00C04F79EFBC}") = "shsv-records", "shsv-stats\shsv-records.csproj", "{778F2166-1C90-447B-BB5D-8C07156C9897}"
EndProject
Project("{FAE04EC0-301F-11D3-BF4B-00C04F79EFBC}") = "XamMacTest", "shsv-records.mac\XamMacTest.csproj", "{2B7FF081-FE53-42F7-9D5D-D4B38E548F94}"
EndProject
Project("{FAE04EC0-301F-11D3-BF4B-00C04F79EFBC}") = "Samples", "shsv-stats.Common\Samples.csproj", "{88C04B85-B69B-47B4-AB9F-64F6DD4E0897}"
EndProject
Global
	GlobalSection(SolutionConfigurationPlatforms) = preSolution
		Debug|Any CPU = Debug|Any CPU
		Release|Any CPU = Release|Any CPU
	EndGlobalSection
	GlobalSection(ProjectConfigurationPlatforms) = postSolution
		{778F2166-1C90-447B-BB5D-8C07156C9897}.Debug|Any CPU.ActiveCfg = Debug|Any CPU
		{778F2166-1C90-447B-BB5D-8C07156C9897}.Debug|Any CPU.Build.0 = Debug|Any CPU
		{778F2166-1C90-447B-BB5D-8C07156C9897}.Release|Any CPU.ActiveCfg = Release|Any CPU
		{778F2166-1C90-447B-BB5D-8C07156C9897}.Release|Any CPU.Build.0 = Release|Any CPU
		{2B7FF081-FE53-42F7-9D5D-D4B38E548F94}.Debug|Any CPU.ActiveCfg = Debug|Any CPU
		{2B7FF081-FE53-42F7-9D5D-D4B38E548F94}.Debug|Any CPU.Build.0 = Debug|Any CPU
		{2B7FF081-FE53-42F7-9D5D-D4B38E548F94}.Release|Any CPU.ActiveCfg = Release|Any CPU
		{2B7FF081-FE53-42F7-9D5D-D4B38E548F94}.Release|Any CPU.Build.0 = Release|Any CPU
		{88C04B85-B69B-47B4-AB9F-64F6DD4E0897}.Debug|Any CPU.ActiveCfg = Debug|Any CPU
		{88C04B85-B69B-47B4-AB9F-64F6DD4E0897}.Debug|Any CPU.Build.0 = Debug|Any CPU
		{88C04B85-B69B-47B4-AB9F-64F6DD4E0897}.Release|Any CPU.ActiveCfg = Release|Any CPU
		{88C04B85-B69B-47B4-AB9F-64F6DD4E0897}.Release|Any CPU.Build.0 = Release|Any CPU
	EndGlobalSection
	GlobalSection(MonoDevelopProperties) = preSolution
		Policies = $0
		$0.DotNetNamingPolicy = $1
		$1.DirectoryNamespaceAssociation = PrefixedHierarchical
		$0.VersionControlPolicy = $2
	EndGlobalSection
EndGlobal
